Microsoft Visual Studio Solution File, Format Version 11.00
# Visual Studio 2008

Project("{59278867-C122-585C-063B-92435234F0B4}") = "Exit for Android", "Assembly-CSharp-firstpass.csproj", "{373B263C-2724-FD16-E97E-26B55878D167}"
EndProject
Project("{59278867-C122-585C-063B-92435234F0B4}") = "Exit for Android", "Assembly-CSharp-Editor-firstpass.csproj", "{9FF123F6-B88B-AA3E-F85E-A01C0E4FACF4}"
EndProject
Project("{59278867-C122-585C-063B-92435234F0B4}") = "Exit for Android", "Assembly-UnityScript.unityproj", "{D35A1886-C612-ECF5-F304-4568DC953830}"
EndProject
Global
	GlobalSection(SolutionConfigurationPlatforms) = preSolution
		Debug|Any CPU = Debug|Any CPU
		Release|Any CPU = Release|Any CPU
	EndGlobalSection
	GlobalSection(ProjectConfigurationPlatforms) = postSolution
		{373B263C-2724-FD16-E97E-26B55878D167}.Debug|Any CPU.ActiveCfg = Debug|Any CPU
		{373B263C-2724-FD16-E97E-26B55878D167}.Debug|Any CPU.Build.0 = Debug|Any CPU
		{373B263C-2724-FD16-E97E-26B55878D167}.Release|Any CPU.ActiveCfg = Release|Any CPU
		{373B263C-2724-FD16-E97E-26B55878D167}.Release|Any CPU.Build.0 = Release|Any CPU
		{9FF123F6-B88B-AA3E-F85E-A01C0E4FACF4}.Debug|Any CPU.ActiveCfg = Debug|Any CPU
		{9FF123F6-B88B-AA3E-F85E-A01C0E4FACF4}.Debug|Any CPU.Build.0 = Debug|Any CPU
		{9FF123F6-B88B-AA3E-F85E-A01C0E4FACF4}.Release|Any CPU.ActiveCfg = Release|Any CPU
		{9FF123F6-B88B-AA3E-F85E-A01C0E4FACF4}.Release|Any CPU.Build.0 = Release|Any CPU
		{D35A1886-C612-ECF5-F304-4568DC953830}.Debug|Any CPU.ActiveCfg = Debug|Any CPU
		{D35A1886-C612-ECF5-F304-4568DC953830}.Debug|Any CPU.Build.0 = Debug|Any CPU
		{D35A1886-C612-ECF5-F304-4568DC953830}.Release|Any CPU.ActiveCfg = Release|Any CPU
		{D35A1886-C612-ECF5-F304-4568DC953830}.Release|Any CPU.Build.0 = Release|Any CPU
	EndGlobalSection
	GlobalSection(SolutionProperties) = preSolution
		HideSolutionNode = FALSE
	EndGlobalSection
	GlobalSection(MonoDevelopProperties) = preSolution
		StartupItem = Assembly-CSharp.csproj
	EndGlobalSection
EndGlobal
